
Microsoft Visual Studio Solution File, Format Version 12.00
# Visual Studio Version 16
VisualStudioVersion = 16.0.29020.237
MinimumVisualStudioVersion = 10.0.40219.1
Project("{FAE04EC0-301F-11D3-BF4B-00C04F79EFBC}") = "iTechArt.TicTacToe", "iTechArt.TicTacToe\iTechArt.TicTacToe.csproj", "{5B1EF466-38BC-4DD9-926D-301DEC140436}"
EndProject
Project("{FAE04EC0-301F-11D3-BF4B-00C04F79EFBC}") = "iTechArt.TicTacToe.Foundation", "TicTacToe.Foundation\iTechArt.TicTacToe.Foundation\iTechArt.TicTacToe.Foundation.csproj", "{66864C87-6833-4E11-AC02-8AE46BEDC999}"
EndProject
Project("{FAE04EC0-301F-11D3-BF4B-00C04F79EFBC}") = "TicTacToe.Console", "TicTacToe.Console\TicTacToe.Console.csproj", "{E5417F94-A785-4D09-92C5-D319FA9E0341}"
EndProject
Project("{FAE04EC0-301F-11D3-BF4B-00C04F79EFBC}") = "Common", "TicTacToe.Foundation\iTechArt.TicTacToe.Foundation\Common\Common.csproj", "{86BD6D6F-67B2-4FB4-8AD3-396AB618B742}"
EndProject
Global
	GlobalSection(SolutionConfigurationPlatforms) = preSolution
		Debug|Any CPU = Debug|Any CPU
		Release|Any CPU = Release|Any CPU
	EndGlobalSection
	GlobalSection(ProjectConfigurationPlatforms) = postSolution
		{5B1EF466-38BC-4DD9-926D-301DEC140436}.Debug|Any CPU.ActiveCfg = Debug|Any CPU
		{5B1EF466-38BC-4DD9-926D-301DEC140436}.Debug|Any CPU.Build.0 = Debug|Any CPU
		{5B1EF466-38BC-4DD9-926D-301DEC140436}.Release|Any CPU.ActiveCfg = Release|Any CPU
		{5B1EF466-38BC-4DD9-926D-301DEC140436}.Release|Any CPU.Build.0 = Release|Any CPU
		{66864C87-6833-4E11-AC02-8AE46BEDC999}.Debug|Any CPU.ActiveCfg = Debug|Any CPU
		{66864C87-6833-4E11-AC02-8AE46BEDC999}.Debug|Any CPU.Build.0 = Debug|Any CPU
		{66864C87-6833-4E11-AC02-8AE46BEDC999}.Release|Any CPU.ActiveCfg = Release|Any CPU
		{66864C87-6833-4E11-AC02-8AE46BEDC999}.Release|Any CPU.Build.0 = Release|Any CPU
		{E5417F94-A785-4D09-92C5-D319FA9E0341}.Debug|Any CPU.ActiveCfg = Debug|Any CPU
		{E5417F94-A785-4D09-92C5-D319FA9E0341}.Debug|Any CPU.Build.0 = Debug|Any CPU
		{E5417F94-A785-4D09-92C5-D319FA9E0341}.Release|Any CPU.ActiveCfg = Release|Any CPU
		{E5417F94-A785-4D09-92C5-D319FA9E0341}.Release|Any CPU.Build.0 = Release|Any CPU
		{86BD6D6F-67B2-4FB4-8AD3-396AB618B742}.Debug|Any CPU.ActiveCfg = Debug|Any CPU
		{86BD6D6F-67B2-4FB4-8AD3-396AB618B742}.Debug|Any CPU.Build.0 = Debug|Any CPU
		{86BD6D6F-67B2-4FB4-8AD3-396AB618B742}.Release|Any CPU.ActiveCfg = Release|Any CPU
		{86BD6D6F-67B2-4FB4-8AD3-396AB618B742}.Release|Any CPU.Build.0 = Release|Any CPU
	EndGlobalSection
	GlobalSection(SolutionProperties) = preSolution
		HideSolutionNode = FALSE
	EndGlobalSection
	GlobalSection(ExtensibilityGlobals) = postSolution
		SolutionGuid = {A14DFB11-A67C-4225-BC7D-4E4B1B8C3811}
	EndGlobalSection
EndGlobal
